
Microsoft Visual Studio Solution File, Format Version 12.00
# Visual Studio 15
VisualStudioVersion = 15.0.26430.6
MinimumVisualStudioVersion = 10.0.40219.1
Project("{FAE04EC0-301F-11D3-BF4B-00C04F79EFBC}") = "MapBuilderWpf", "MapBuilderWpf\MapBuilderWpf.csproj", "{7E55AB7B-961E-43EA-95A5-2ACD0E7162D5}"
	ProjectSection(ProjectDependencies) = postProject
		{15512B2A-B9D5-4C22-88B1-4D2751C50F43} = {15512B2A-B9D5-4C22-88B1-4D2751C50F43}
	EndProjectSection
EndProject
Project("{FAE04EC0-301F-11D3-BF4B-00C04F79EFBC}") = "MapBuilderLibWindows", "MapBuilderLibWindows\MapBuilderLibWindows.csproj", "{E9F4B553-3FC4-4137-8C7D-B11C19CAC53F}"
EndProject
Project("{FAE04EC0-301F-11D3-BF4B-00C04F79EFBC}") = "MapBuilderLibCore", "MapBuilderLibCore\MapBuilderLibCore.csproj", "{15512B2A-B9D5-4C22-88B1-4D2751C50F43}"
EndProject
Global
	GlobalSection(SolutionConfigurationPlatforms) = preSolution
		Debug|Any CPU = Debug|Any CPU
		Debug|ARM = Debug|ARM
		Debug|x64 = Debug|x64
		Debug|x86 = Debug|x86
		Release|Any CPU = Release|Any CPU
		Release|ARM = Release|ARM
		Release|x64 = Release|x64
		Release|x86 = Release|x86
	EndGlobalSection
	GlobalSection(ProjectConfigurationPlatforms) = postSolution
		{7E55AB7B-961E-43EA-95A5-2ACD0E7162D5}.Debug|Any CPU.ActiveCfg = Debug|Any CPU
		{7E55AB7B-961E-43EA-95A5-2ACD0E7162D5}.Debug|Any CPU.Build.0 = Debug|Any CPU
		{7E55AB7B-961E-43EA-95A5-2ACD0E7162D5}.Debug|ARM.ActiveCfg = Debug|Any CPU
		{7E55AB7B-961E-43EA-95A5-2ACD0E7162D5}.Debug|ARM.Build.0 = Debug|Any CPU
		{7E55AB7B-961E-43EA-95A5-2ACD0E7162D5}.Debug|x64.ActiveCfg = Debug|Any CPU
		{7E55AB7B-961E-43EA-95A5-2ACD0E7162D5}.Debug|x64.Build.0 = Debug|Any CPU
		{7E55AB7B-961E-43EA-95A5-2ACD0E7162D5}.Debug|x86.ActiveCfg = Debug|Any CPU
		{7E55AB7B-961E-43EA-95A5-2ACD0E7162D5}.Debug|x86.Build.0 = Debug|Any CPU
		{7E55AB7B-961E-43EA-95A5-2ACD0E7162D5}.Release|Any CPU.ActiveCfg = Release|Any CPU
		{7E55AB7B-961E-43EA-95A5-2ACD0E7162D5}.Release|Any CPU.Build.0 = Release|Any CPU
		{7E55AB7B-961E-43EA-95A5-2ACD0E7162D5}.Release|ARM.ActiveCfg = Release|Any CPU
		{7E55AB7B-961E-43EA-95A5-2ACD0E7162D5}.Release|ARM.Build.0 = Release|Any CPU
		{7E55AB7B-961E-43EA-95A5-2ACD0E7162D5}.Release|x64.ActiveCfg = Release|Any CPU
		{7E55AB7B-961E-43EA-95A5-2ACD0E7162D5}.Release|x64.Build.0 = Release|Any CPU
		{7E55AB7B-961E-43EA-95A5-2ACD0E7162D5}.Release|x86.ActiveCfg = Release|Any CPU
		{7E55AB7B-961E-43EA-95A5-2ACD0E7162D5}.Release|x86.Build.0 = Release|Any CPU
		{E9F4B553-3FC4-4137-8C7D-B11C19CAC53F}.Debug|Any CPU.ActiveCfg = Debug|Any CPU
		{E9F4B553-3FC4-4137-8C7D-B11C19CAC53F}.Debug|Any CPU.Build.0 = Debug|Any CPU
		{E9F4B553-3FC4-4137-8C7D-B11C19CAC53F}.Debug|ARM.ActiveCfg = Debug|Any CPU
		{E9F4B553-3FC4-4137-8C7D-B11C19CAC53F}.Debug|ARM.Build.0 = Debug|Any CPU
		{E9F4B553-3FC4-4137-8C7D-B11C19CAC53F}.Debug|x64.ActiveCfg = Debug|Any CPU
		{E9F4B553-3FC4-4137-8C7D-B11C19CAC53F}.Debug|x64.Build.0 = Debug|Any CPU
		{E9F4B553-3FC4-4137-8C7D-B11C19CAC53F}.Debug|x86.ActiveCfg = Debug|Any CPU
		{E9F4B553-3FC4-4137-8C7D-B11C19CAC53F}.Debug|x86.Build.0 = Debug|Any CPU
		{E9F4B553-3FC4-4137-8C7D-B11C19CAC53F}.Release|Any CPU.ActiveCfg = Release|Any CPU
		{E9F4B553-3FC4-4137-8C7D-B11C19CAC53F}.Release|Any CPU.Build.0 = Release|Any CPU
		{E9F4B553-3FC4-4137-8C7D-B11C19CAC53F}.Release|ARM.ActiveCfg = Release|Any CPU
		{E9F4B553-3FC4-4137-8C7D-B11C19CAC53F}.Release|ARM.Build.0 = Release|Any CPU
		{E9F4B553-3FC4-4137-8C7D-B11C19CAC53F}.Release|x64.ActiveCfg = Release|Any CPU
		{E9F4B553-3FC4-4137-8C7D-B11C19CAC53F}.Release|x64.Build.0 = Release|Any CPU
		{E9F4B553-3FC4-4137-8C7D-B11C19CAC53F}.Release|x86.ActiveCfg = Release|Any CPU
		{E9F4B553-3FC4-4137-8C7D-B11C19CAC53F}.Release|x86.Build.0 = Release|Any CPU
		{15512B2A-B9D5-4C22-88B1-4D2751C50F43}.Debug|Any CPU.ActiveCfg = Debug|Any CPU
		{15512B2A-B9D5-4C22-88B1-4D2751C50F43}.Debug|Any CPU.Build.0 = Debug|Any CPU
		{15512B2A-B9D5-4C22-88B1-4D2751C50F43}.Debug|ARM.ActiveCfg = Debug|Any CPU
		{15512B2A-B9D5-4C22-88B1-4D2751C50F43}.Debug|ARM.Build.0 = Debug|Any CPU
		{15512B2A-B9D5-4C22-88B1-4D2751C50F43}.Debug|x64.ActiveCfg = Debug|Any CPU
		{15512B2A-B9D5-4C22-88B1-4D2751C50F43}.Debug|x64.Build.0 = Debug|Any CPU
		{15512B2A-B9D5-4C22-88B1-4D2751C50F43}.Debug|x86.ActiveCfg = Debug|Any CPU
		{15512B2A-B9D5-4C22-88B1-4D2751C50F43}.Debug|x86.Build.0 = Debug|Any CPU
		{15512B2A-B9D5-4C22-88B1-4D2751C50F43}.Release|Any CPU.ActiveCfg = Release|Any CPU
		{15512B2A-B9D5-4C22-88B1-4D2751C50F43}.Release|Any CPU.Build.0 = Release|Any CPU
		{15512B2A-B9D5-4C22-88B1-4D2751C50F43}.Release|ARM.ActiveCfg = Release|Any CPU
		{15512B2A-B9D5-4C22-88B1-4D2751C50F43}.Release|ARM.Build.0 = Release|Any CPU
		{15512B2A-B9D5-4C22-88B1-4D2751C50F43}.Release|x64.ActiveCfg = Release|Any CPU
		{15512B2A-B9D5-4C22-88B1-4D2751C50F43}.Release|x64.Build.0 = Release|Any CPU
		{15512B2A-B9D5-4C22-88B1-4D2751C50F43}.Release|x86.ActiveCfg = Release|Any CPU
		{15512B2A-B9D5-4C22-88B1-4D2751C50F43}.Release|x86.Build.0 = Release|Any CPU
	EndGlobalSection
	GlobalSection(SolutionProperties) = preSolution
		HideSolutionNode = FALSE
	EndGlobalSection
EndGlobal
